
Microsoft Visual Studio Solution File, Format Version 12.00
# Visual Studio Version 16
VisualStudioVersion = 16.0.31410.357
MinimumVisualStudioVersion = 10.0.40219.1
Project("{9A19103F-16F7-4668-BE54-9A1E7A4F7556}") = "CleanArchMvc.Domain", "CleanArchMvc.Domain\CleanArchMvc.Domain.csproj", "{1C0CA6EE-B8E1-49DD-AA9A-8FEEED1405A6}"
EndProject
Project("{9A19103F-16F7-4668-BE54-9A1E7A4F7556}") = "CleanArchMvc.Application", "CleanArchMvc.Application\CleanArchMvc.Application.csproj", "{6CB25083-5D77-4389-8D2E-3A26E73B87F7}"
EndProject
Project("{9A19103F-16F7-4668-BE54-9A1E7A4F7556}") = "CleanArchMvc.Infra.Data", "CleanArchMvc.Infra.Data\CleanArchMvc.Infra.Data.csproj", "{C07C4E8D-B542-40D3-9402-E3A48CB3464B}"
EndProject
Project("{9A19103F-16F7-4668-BE54-9A1E7A4F7556}") = "CleanArchMvc.Infra.IoC", "CleanArchMvc.Infra.Ioc\CleanArchMvc.Infra.IoC.csproj", "{6D363D83-8730-4A82-A6A9-B206A2876B95}"
EndProject
Project("{9A19103F-16F7-4668-BE54-9A1E7A4F7556}") = "CleanArchMvc.WebUI", "CleanArchMvc.WebUI\CleanArchMvc.WebUI.csproj", "{8B0C27D6-521B-4128-8843-BFFCB09D2A12}"
EndProject
Project("{9A19103F-16F7-4668-BE54-9A1E7A4F7556}") = "CleanArchMvc.Domain.Tests", "CleanArchMvc.Domain.Tests\CleanArchMvc.Domain.Tests.csproj", "{3DA72D42-F551-4E39-B2FC-680A56BC27EE}"
EndProject
Project("{FAE04EC0-301F-11D3-BF4B-00C04F79EFBC}") = "CleanArchMvc.API", "CleanArchMvc.API\CleanArchMvc.API.csproj", "{D4F7B074-6D0C-4C5A-9BFC-CCC033722DB2}"
EndProject
Global
	GlobalSection(SolutionConfigurationPlatforms) = preSolution
		Debug|Any CPU = Debug|Any CPU
		Release|Any CPU = Release|Any CPU
	EndGlobalSection
	GlobalSection(ProjectConfigurationPlatforms) = postSolution
		{1C0CA6EE-B8E1-49DD-AA9A-8FEEED1405A6}.Debug|Any CPU.ActiveCfg = Debug|Any CPU
		{1C0CA6EE-B8E1-49DD-AA9A-8FEEED1405A6}.Debug|Any CPU.Build.0 = Debug|Any CPU
		{1C0CA6EE-B8E1-49DD-AA9A-8FEEED1405A6}.Release|Any CPU.ActiveCfg = Release|Any CPU
		{1C0CA6EE-B8E1-49DD-AA9A-8FEEED1405A6}.Release|Any CPU.Build.0 = Release|Any CPU
		{6CB25083-5D77-4389-8D2E-3A26E73B87F7}.Debug|Any CPU.ActiveCfg = Debug|Any CPU
		{6CB25083-5D77-4389-8D2E-3A26E73B87F7}.Debug|Any CPU.Build.0 = Debug|Any CPU
		{6CB25083-5D77-4389-8D2E-3A26E73B87F7}.Release|Any CPU.ActiveCfg = Release|Any CPU
		{6CB25083-5D77-4389-8D2E-3A26E73B87F7}.Release|Any CPU.Build.0 = Release|Any CPU
		{C07C4E8D-B542-40D3-9402-E3A48CB3464B}.Debug|Any CPU.ActiveCfg = Debug|Any CPU
		{C07C4E8D-B542-40D3-9402-E3A48CB3464B}.Debug|Any CPU.Build.0 = Debug|Any CPU
		{C07C4E8D-B542-40D3-9402-E3A48CB3464B}.Release|Any CPU.ActiveCfg = Release|Any CPU
		{C07C4E8D-B542-40D3-9402-E3A48CB3464B}.Release|Any CPU.Build.0 = Release|Any CPU
		{6D363D83-8730-4A82-A6A9-B206A2876B95}.Debug|Any CPU.ActiveCfg = Debug|Any CPU
		{6D363D83-8730-4A82-A6A9-B206A2876B95}.Debug|Any CPU.Build.0 = Debug|Any CPU
		{6D363D83-8730-4A82-A6A9-B206A2876B95}.Release|Any CPU.ActiveCfg = Release|Any CPU
		{6D363D83-8730-4A82-A6A9-B206A2876B95}.Release|Any CPU.Build.0 = Release|Any CPU
		{8B0C27D6-521B-4128-8843-BFFCB09D2A12}.Debug|Any CPU.ActiveCfg = Debug|Any CPU
		{8B0C27D6-521B-4128-8843-BFFCB09D2A12}.Debug|Any CPU.Build.0 = Debug|Any CPU
		{8B0C27D6-521B-4128-8843-BFFCB09D2A12}.Release|Any CPU.ActiveCfg = Release|Any CPU
		{8B0C27D6-521B-4128-8843-BFFCB09D2A12}.Release|Any CPU.Build.0 = Release|Any CPU
		{3DA72D42-F551-4E39-B2FC-680A56BC27EE}.Debug|Any CPU.ActiveCfg = Debug|Any CPU
		{3DA72D42-F551-4E39-B2FC-680A56BC27EE}.Debug|Any CPU.Build.0 = Debug|Any CPU
		{3DA72D42-F551-4E39-B2FC-680A56BC27EE}.Release|Any CPU.ActiveCfg = Release|Any CPU
		{3DA72D42-F551-4E39-B2FC-680A56BC27EE}.Release|Any CPU.Build.0 = Release|Any CPU
		{D4F7B074-6D0C-4C5A-9BFC-CCC033722DB2}.Debug|Any CPU.ActiveCfg = Debug|Any CPU
		{D4F7B074-6D0C-4C5A-9BFC-CCC033722DB2}.Debug|Any CPU.Build.0 = Debug|Any CPU
		{D4F7B074-6D0C-4C5A-9BFC-CCC033722DB2}.Release|Any CPU.ActiveCfg = Release|Any CPU
		{D4F7B074-6D0C-4C5A-9BFC-CCC033722DB2}.Release|Any CPU.Build.0 = Release|Any CPU
	EndGlobalSection
	GlobalSection(SolutionProperties) = preSolution
		HideSolutionNode = FALSE
	EndGlobalSection
	GlobalSection(ExtensibilityGlobals) = postSolution
		SolutionGuid = {982C94BB-45FF-4069-BA8A-6F060C80D43D}
	EndGlobalSection
EndGlobal
